// !$*UTF8*$!
{
	archiveVersion = 1;
	classes = {
	};
	objectVersion = 55;
	objects = {

/* Begin PBXBuildFile section */
		271C5AADE14A80E59DCFD556 /* Pods_GitHubTexture.framework in Frameworks */ = {isa = PBXBuildFile; fileRef = 710D65632249D53BBCF109ED /* Pods_GitHubTexture.framework */; };
		CF77963927CB1DE500A2F081 /* TextFieldNode.swift in Sources */ = {isa = PBXBuildFile; fileRef = CF77963827CB1DE500A2F081 /* TextFieldNode.swift */; };
		CF95EDBF27CA662B00D9183E /* AppDelegate.swift in Sources */ = {isa = PBXBuildFile; fileRef = CF95EDBE27CA662B00D9183E /* AppDelegate.swift */; };
		CF95EDC127CA662B00D9183E /* SceneDelegate.swift in Sources */ = {isa = PBXBuildFile; fileRef = CF95EDC027CA662B00D9183E /* SceneDelegate.swift */; };
		CF95EDC327CA662B00D9183E /* LeadingViewController.swift in Sources */ = {isa = PBXBuildFile; fileRef = CF95EDC227CA662B00D9183E /* LeadingViewController.swift */; };
		CF95EDC827CA662C00D9183E /* Assets.xcassets in Resources */ = {isa = PBXBuildFile; fileRef = CF95EDC727CA662C00D9183E /* Assets.xcassets */; };
		CF95EDCB27CA662C00D9183E /* LaunchScreen.storyboard in Resources */ = {isa = PBXBuildFile; fileRef = CF95EDC927CA662C00D9183E /* LaunchScreen.storyboard */; };
		CFFD987627CB2721009FC18D /* ViewController+Ext.swift in Sources */ = {isa = PBXBuildFile; fileRef = CFFD987527CB2721009FC18D /* ViewController+Ext.swift */; };
		CFFD987927CB3147009FC18D /* SearchViewController.swift in Sources */ = {isa = PBXBuildFile; fileRef = CFFD987827CB3147009FC18D /* SearchViewController.swift */; };
		CFFD987E27CB4075009FC18D /* UserModel.swift in Sources */ = {isa = PBXBuildFile; fileRef = CFFD987D27CB4075009FC18D /* UserModel.swift */; };
		CFFD988027CB428B009FC18D /* UsersNetworkProvider.swift in Sources */ = {isa = PBXBuildFile; fileRef = CFFD987F27CB428B009FC18D /* UsersNetworkProvider.swift */; };
		CFFD988227CB432C009FC18D /* Constants.swift in Sources */ = {isa = PBXBuildFile; fileRef = CFFD988127CB432C009FC18D /* Constants.swift */; };
		CFFD988527CB4367009FC18D /* GUError.swift in Sources */ = {isa = PBXBuildFile; fileRef = CFFD988427CB4367009FC18D /* GUError.swift */; };
		CFFD988727CB449C009FC18D /* SearchViewModel.swift in Sources */ = {isa = PBXBuildFile; fileRef = CFFD988627CB449C009FC18D /* SearchViewModel.swift */; };
/* End PBXBuildFile section */

/* Begin PBXFileReference section */
		19D5AEE5CFF592817DD374BD /* Pods-GitHubTexture.debug.xcconfig */ = {isa = PBXFileReference; includeInIndex = 1; lastKnownFileType = text.xcconfig; name = "Pods-GitHubTexture.debug.xcconfig"; path = "Target Support Files/Pods-GitHubTexture/Pods-GitHubTexture.debug.xcconfig"; sourceTree = "<group>"; };
		698DD103078294B45DABDA91 /* Pods-GitHubTexture.release.xcconfig */ = {isa = PBXFileReference; includeInIndex = 1; lastKnownFileType = text.xcconfig; name = "Pods-GitHubTexture.release.xcconfig"; path = "Target Support Files/Pods-GitHubTexture/Pods-GitHubTexture.release.xcconfig"; sourceTree = "<group>"; };
		710D65632249D53BBCF109ED /* Pods_GitHubTexture.framework */ = {isa = PBXFileReference; explicitFileType = wrapper.framework; includeInIndex = 0; path = Pods_GitHubTexture.framework; sourceTree = BUILT_PRODUCTS_DIR; };
		CF77963827CB1DE500A2F081 /* TextFieldNode.swift */ = {isa = PBXFileReference; lastKnownFileType = sourcecode.swift; path = TextFieldNode.swift; sourceTree = "<group>"; };
		CF95EDBB27CA662B00D9183E /* GitHubTexture.app */ = {isa = PBXFileReference; explicitFileType = wrapper.application; includeInIndex = 0; path = GitHubTexture.app; sourceTree = BUILT_PRODUCTS_DIR; };
		CF95EDBE27CA662B00D9183E /* AppDelegate.swift */ = {isa = PBXFileReference; lastKnownFileType = sourcecode.swift; path = AppDelegate.swift; sourceTree = "<group>"; };
		CF95EDC027CA662B00D9183E /* SceneDelegate.swift */ = {isa = PBXFileReference; lastKnownFileType = sourcecode.swift; path = SceneDelegate.swift; sourceTree = "<group>"; };
		CF95EDC227CA662B00D9183E /* LeadingViewController.swift */ = {isa = PBXFileReference; lastKnownFileType = sourcecode.swift; path = LeadingViewController.swift; sourceTree = "<group>"; };
		CF95EDC727CA662C00D9183E /* Assets.xcassets */ = {isa = PBXFileReference; lastKnownFileType = folder.assetcatalog; path = Assets.xcassets; sourceTree = "<group>"; };
		CF95EDCA27CA662C00D9183E /* Base */ = {isa = PBXFileReference; lastKnownFileType = file.storyboard; name = Base; path = Base.lproj/LaunchScreen.storyboard; sourceTree = "<group>"; };
		CF95EDCC27CA662C00D9183E /* Info.plist */ = {isa = PBXFileReference; lastKnownFileType = text.plist.xml; path = Info.plist; sourceTree = "<group>"; };
		CFFD987527CB2721009FC18D /* ViewController+Ext.swift */ = {isa = PBXFileReference; lastKnownFileType = sourcecode.swift; path = "ViewController+Ext.swift"; sourceTree = "<group>"; };
		CFFD987827CB3147009FC18D /* SearchViewController.swift */ = {isa = PBXFileReference; lastKnownFileType = sourcecode.swift; path = SearchViewController.swift; sourceTree = "<group>"; };
		CFFD987D27CB4075009FC18D /* UserModel.swift */ = {isa = PBXFileReference; lastKnownFileType = sourcecode.swift; path = UserModel.swift; sourceTree = "<group>"; };
		CFFD987F27CB428B009FC18D /* UsersNetworkProvider.swift */ = {isa = PBXFileReference; lastKnownFileType = sourcecode.swift; path = UsersNetworkProvider.swift; sourceTree = "<group>"; };
		CFFD988127CB432C009FC18D /* Constants.swift */ = {isa = PBXFileReference; lastKnownFileType = sourcecode.swift; path = Constants.swift; sourceTree = "<group>"; };
		CFFD988427CB4367009FC18D /* GUError.swift */ = {isa = PBXFileReference; lastKnownFileType = sourcecode.swift; path = GUError.swift; sourceTree = "<group>"; };
		CFFD988627CB449C009FC18D /* SearchViewModel.swift */ = {isa = PBXFileReference; lastKnownFileType = sourcecode.swift; path = SearchViewModel.swift; sourceTree = "<group>"; };
/* End PBXFileReference section */

/* Begin PBXFrameworksBuildPhase section */
		CF95EDB827CA662B00D9183E /* Frameworks */ = {
			isa = PBXFrameworksBuildPhase;
			buildActionMask = 2147483647;
			files = (
				271C5AADE14A80E59DCFD556 /* Pods_GitHubTexture.framework in Frameworks */,
			);
			runOnlyForDeploymentPostprocessing = 0;
		};
/* End PBXFrameworksBuildPhase section */

/* Begin PBXGroup section */
		4CEA07081B40CD7863CC6507 /* Pods */ = {
			isa = PBXGroup;
			children = (
				19D5AEE5CFF592817DD374BD /* Pods-GitHubTexture.debug.xcconfig */,
				698DD103078294B45DABDA91 /* Pods-GitHubTexture.release.xcconfig */,
			);
			path = Pods;
			sourceTree = "<group>";
		};
		A02B44148F292276B0846BEE /* Frameworks */ = {
			isa = PBXGroup;
			children = (
				710D65632249D53BBCF109ED /* Pods_GitHubTexture.framework */,
			);
			name = Frameworks;
			sourceTree = "<group>";
		};
		CF77963527CB1C3600A2F081 /* Leading */ = {
			isa = PBXGroup;
			children = (
				CF95EDC227CA662B00D9183E /* LeadingViewController.swift */,
			);
			path = Leading;
			sourceTree = "<group>";
		};
		CF77963627CB1D6B00A2F081 /* Shared */ = {
			isa = PBXGroup;
			children = (
				CFFD988327CB4345009FC18D /* Helper */,
				CF77963A27CB269000A2F081 /* Extensions */,
				CF77963727CB1D7600A2F081 /* Nodes */,
			);
			path = Shared;
			sourceTree = "<group>";
		};
		CF77963727CB1D7600A2F081 /* Nodes */ = {
			isa = PBXGroup;
			children = (
				CF77963827CB1DE500A2F081 /* TextFieldNode.swift */,
			);
			path = Nodes;
			sourceTree = "<group>";
		};
		CF77963A27CB269000A2F081 /* Extensions */ = {
			isa = PBXGroup;
			children = (
				CFFD987527CB2721009FC18D /* ViewController+Ext.swift */,
			);
			path = Extensions;
			sourceTree = "<group>";
		};
		CF95EDB227CA662B00D9183E = {
			isa = PBXGroup;
			children = (
				CF95EDBD27CA662B00D9183E /* GitHubTexture */,
				CF95EDBC27CA662B00D9183E /* Products */,
				4CEA07081B40CD7863CC6507 /* Pods */,
				A02B44148F292276B0846BEE /* Frameworks */,
			);
			sourceTree = "<group>";
		};
		CF95EDBC27CA662B00D9183E /* Products */ = {
			isa = PBXGroup;
			children = (
				CF95EDBB27CA662B00D9183E /* GitHubTexture.app */,
			);
			name = Products;
			sourceTree = "<group>";
		};
		CF95EDBD27CA662B00D9183E /* GitHubTexture */ = {
			isa = PBXGroup;
			children = (
				CFFD987A27CB403A009FC18D /* Data */,
				CF77963627CB1D6B00A2F081 /* Shared */,
				CF95EDD227CA6CAD00D9183E /* Views */,
				CF95EDBE27CA662B00D9183E /* AppDelegate.swift */,
				CF95EDC027CA662B00D9183E /* SceneDelegate.swift */,
				CF95EDC727CA662C00D9183E /* Assets.xcassets */,
				CF95EDC927CA662C00D9183E /* LaunchScreen.storyboard */,
				CF95EDCC27CA662C00D9183E /* Info.plist */,
			);
			path = GitHubTexture;
			sourceTree = "<group>";
		};
		CF95EDD227CA6CAD00D9183E /* Views */ = {
			isa = PBXGroup;
			children = (
				CF77963527CB1C3600A2F081 /* Leading */,
				CFFD987727CB3127009FC18D /* Search */,
			);
			path = Views;
			sourceTree = "<group>";
		};
		CFFD987727CB3127009FC18D /* Search */ = {
			isa = PBXGroup;
			children = (
				CFFD987827CB3147009FC18D /* SearchViewController.swift */,
				CFFD988627CB449C009FC18D /* SearchViewModel.swift */,
			);
			path = Search;
			sourceTree = "<group>";
		};
		CFFD987A27CB403A009FC18D /* Data */ = {
			isa = PBXGroup;
			children = (
				CFFD987B27CB4047009FC18D /* Remote */,
			);
			path = Data;
			sourceTree = "<group>";
		};
		CFFD987B27CB4047009FC18D /* Remote */ = {
			isa = PBXGroup;
			children = (
				CFFD987C27CB405D009FC18D /* Model */,
				CFFD987F27CB428B009FC18D /* UsersNetworkProvider.swift */,
			);
			path = Remote;
			sourceTree = "<group>";
		};
		CFFD987C27CB405D009FC18D /* Model */ = {
			isa = PBXGroup;
			children = (
				CFFD987D27CB4075009FC18D /* UserModel.swift */,
			);
			path = Model;
			sourceTree = "<group>";
		};
		CFFD988327CB4345009FC18D /* Helper */ = {
			isa = PBXGroup;
			children = (
				CFFD988127CB432C009FC18D /* Constants.swift */,
				CFFD988427CB4367009FC18D /* GUError.swift */,
			);
			path = Helper;
			sourceTree = "<group>";
		};
/* End PBXGroup section */

/* Begin PBXNativeTarget section */
		CF95EDBA27CA662B00D9183E /* GitHubTexture */ = {
			isa = PBXNativeTarget;
			buildConfigurationList = CF95EDCF27CA662C00D9183E /* Build configuration list for PBXNativeTarget "GitHubTexture" */;
			buildPhases = (
				39B6F2609047B53E8631DE63 /* [CP] Check Pods Manifest.lock */,
				CF95EDB727CA662B00D9183E /* Sources */,
				CF95EDB827CA662B00D9183E /* Frameworks */,
				CF95EDB927CA662B00D9183E /* Resources */,
				8132FE543EAF1852F6867AF9 /* [CP] Embed Pods Frameworks */,
			);
			buildRules = (
			);
			dependencies = (
			);
			name = GitHubTexture;
			productName = GitHubTexture;
			productReference = CF95EDBB27CA662B00D9183E /* GitHubTexture.app */;
			productType = "com.apple.product-type.application";
		};
/* End PBXNativeTarget section */

/* Begin PBXProject section */
		CF95EDB327CA662B00D9183E /* Project object */ = {
			isa = PBXProject;
			attributes = {
				BuildIndependentTargetsInParallel = 1;
				LastSwiftUpdateCheck = 1320;
				LastUpgradeCheck = 1320;
				TargetAttributes = {
					CF95EDBA27CA662B00D9183E = {
						CreatedOnToolsVersion = 13.2.1;
					};
				};
			};
			buildConfigurationList = CF95EDB627CA662B00D9183E /* Build configuration list for PBXProject "GitHubTexture" */;
			compatibilityVersion = "Xcode 13.0";
			developmentRegion = en;
			hasScannedForEncodings = 0;
			knownRegions = (
				en,
				Base,
			);
			mainGroup = CF95EDB227CA662B00D9183E;
			productRefGroup = CF95EDBC27CA662B00D9183E /* Products */;
			projectDirPath = "";
			projectRoot = "";
			targets = (
				CF95EDBA27CA662B00D9183E /* GitHubTexture */,
			);
		};
/* End PBXProject section */

/* Begin PBXResourcesBuildPhase section */
		CF95EDB927CA662B00D9183E /* Resources */ = {
			isa = PBXResourcesBuildPhase;
			buildActionMask = 2147483647;
			files = (
				CF95EDCB27CA662C00D9183E /* LaunchScreen.storyboard in Resources */,
				CF95EDC827CA662C00D9183E /* Assets.xcassets in Resources */,
			);
			runOnlyForDeploymentPostprocessing = 0;
		};
/* End PBXResourcesBuildPhase section */

/* Begin PBXShellScriptBuildPhase section */
		39B6F2609047B53E8631DE63 /* [CP] Check Pods Manifest.lock */ = {
			isa = PBXShellScriptBuildPhase;
			buildActionMask = 2147483647;
			files = (
			);
			inputFileListPaths = (
			);
			inputPaths = (
				"${PODS_PODFILE_DIR_PATH}/Podfile.lock",
				"${PODS_ROOT}/Manifest.lock",
			);
			name = "[CP] Check Pods Manifest.lock";
			outputFileListPaths = (
			);
			outputPaths = (
				"$(DERIVED_FILE_DIR)/Pods-GitHubTexture-checkManifestLockResult.txt",
			);
			runOnlyForDeploymentPostprocessing = 0;
			shellPath = /bin/sh;
			shellScript = "diff \"${PODS_PODFILE_DIR_PATH}/Podfile.lock\" \"${PODS_ROOT}/Manifest.lock\" > /dev/null\nif [ $? != 0 ] ; then\n    # print error to STDERR\n    echo \"error: The sandbox is not in sync with the Podfile.lock. Run 'pod install' or update your CocoaPods installation.\" >&2\n    exit 1\nfi\n# This output is used by Xcode 'outputs' to avoid re-running this script phase.\necho \"SUCCESS\" > \"${SCRIPT_OUTPUT_FILE_0}\"\n";
			showEnvVarsInLog = 0;
		};
		8132FE543EAF1852F6867AF9 /* [CP] Embed Pods Frameworks */ = {
			isa = PBXShellScriptBuildPhase;
			buildActionMask = 2147483647;
			files = (
			);
			inputFileListPaths = (
				"${PODS_ROOT}/Target Support Files/Pods-GitHubTexture/Pods-GitHubTexture-frameworks-${CONFIGURATION}-input-files.xcfilelist",
			);
			name = "[CP] Embed Pods Frameworks";
			outputFileListPaths = (
				"${PODS_ROOT}/Target Support Files/Pods-GitHubTexture/Pods-GitHubTexture-frameworks-${CONFIGURATION}-output-files.xcfilelist",
			);
			runOnlyForDeploymentPostprocessing = 0;
			shellPath = /bin/sh;
			shellScript = "\"${PODS_ROOT}/Target Support Files/Pods-GitHubTexture/Pods-GitHubTexture-frameworks.sh\"\n";
			showEnvVarsInLog = 0;
		};
/* End PBXShellScriptBuildPhase section */

/* Begin PBXSourcesBuildPhase section */
		CF95EDB727CA662B00D9183E /* Sources */ = {
			isa = PBXSourcesBuildPhase;
			buildActionMask = 2147483647;
			files = (
				CFFD988727CB449C009FC18D /* SearchViewModel.swift in Sources */,
				CFFD988527CB4367009FC18D /* GUError.swift in Sources */,
				CFFD987927CB3147009FC18D /* SearchViewController.swift in Sources */,
				CFFD987E27CB4075009FC18D /* UserModel.swift in Sources */,
				CF95EDC327CA662B00D9183E /* LeadingViewController.swift in Sources */,
				CF77963927CB1DE500A2F081 /* TextFieldNode.swift in Sources */,
				CFFD988027CB428B009FC18D /* UsersNetworkProvider.swift in Sources */,
				CF95EDBF27CA662B00D9183E /* AppDelegate.swift in Sources */,
				CF95EDC127CA662B00D9183E /* SceneDelegate.swift in Sources */,
				CFFD987627CB2721009FC18D /* ViewController+Ext.swift in Sources */,
				CFFD988227CB432C009FC18D /* Constants.swift in Sources */,
			);
			runOnlyForDeploymentPostprocessing = 0;
		};
/* End PBXSourcesBuildPhase section */

/* Begin PBXVariantGroup section */
		CF95EDC927CA662C00D9183E /* LaunchScreen.storyboard */ = {
			isa = PBXVariantGroup;
			children = (
				CF95EDCA27CA662C00D9183E /* Base */,
			);
			name = LaunchScreen.storyboard;
			sourceTree = "<group>";
		};
/* End PBXVariantGroup section */

/* Begin XCBuildConfiguration section */
		CF95EDCD27CA662C00D9183E /* Debug */ = {
			isa = XCBuildConfiguration;
			buildSettings = {
				ALWAYS_SEARCH_USER_PATHS = NO;
				CLANG_ANALYZER_NONNULL = YES;
				CLANG_ANALYZER_NUMBER_OBJECT_CONVERSION = YES_AGGRESSIVE;
				CLANG_CXX_LANGUAGE_STANDARD = "gnu++17";
				CLANG_CXX_LIBRARY = "libc++";
				CLANG_ENABLE_MODULES = YES;
				CLANG_ENABLE_OBJC_ARC = YES;
				CLANG_ENABLE_OBJC_WEAK = YES;
				CLANG_WARN_BLOCK_CAPTURE_AUTORELEASING = YES;
				CLANG_WARN_BOOL_CONVERSION = YES;
				CLANG_WARN_COMMA = YES;
				CLANG_WARN_CONSTANT_CONVERSION = YES;
				CLANG_WARN_DEPRECATED_OBJC_IMPLEMENTATIONS = YES;
				CLANG_WARN_DIRECT_OBJC_ISA_USAGE = YES_ERROR;
				CLANG_WARN_DOCUMENTATION_COMMENTS = YES;
				CLANG_WARN_EMPTY_BODY = YES;
				CLANG_WARN_ENUM_CONVERSION = YES;
				CLANG_WARN_INFINITE_RECURSION = YES;
				CLANG_WARN_INT_CONVERSION = YES;
				CLANG_WARN_NON_LITERAL_NULL_CONVERSION = YES;
				CLANG_WARN_OBJC_IMPLICIT_RETAIN_SELF = YES;
				CLANG_WARN_OBJC_LITERAL_CONVERSION = YES;
				CLANG_WARN_OBJC_ROOT_CLASS = YES_ERROR;
				CLANG_WARN_QUOTED_INCLUDE_IN_FRAMEWORK_HEADER = YES;
				CLANG_WARN_RANGE_LOOP_ANALYSIS = YES;
				CLANG_WARN_STRICT_PROTOTYPES = YES;
				CLANG_WARN_SUSPICIOUS_MOVE = YES;
				CLANG_WARN_UNGUARDED_AVAILABILITY = YES_AGGRESSIVE;
				CLANG_WARN_UNREACHABLE_CODE = YES;
				CLANG_WARN__DUPLICATE_METHOD_MATCH = YES;
				COPY_PHASE_STRIP = NO;
				DEBUG_INFORMATION_FORMAT = dwarf;
				ENABLE_STRICT_OBJC_MSGSEND = YES;
				ENABLE_TESTABILITY = YES;
				GCC_C_LANGUAGE_STANDARD = gnu11;
				GCC_DYNAMIC_NO_PIC = NO;
				GCC_NO_COMMON_BLOCKS = YES;
				GCC_OPTIMIZATION_LEVEL = 0;
				GCC_PREPROCESSOR_DEFINITIONS = (
					"DEBUG=1",
					"$(inherited)",
				);
				GCC_WARN_64_TO_32_BIT_CONVERSION = YES;
				GCC_WARN_ABOUT_RETURN_TYPE = YES_ERROR;
				GCC_WARN_UNDECLARED_SELECTOR = YES;
				GCC_WARN_UNINITIALIZED_AUTOS = YES_AGGRESSIVE;
				GCC_WARN_UNUSED_FUNCTION = YES;
				GCC_WARN_UNUSED_VARIABLE = YES;
				IPHONEOS_DEPLOYMENT_TARGET = 15.2;
				MTL_ENABLE_DEBUG_INFO = INCLUDE_SOURCE;
				MTL_FAST_MATH = YES;
				ONLY_ACTIVE_ARCH = YES;
				SDKROOT = iphoneos;
				SWIFT_ACTIVE_COMPILATION_CONDITIONS = DEBUG;
				SWIFT_OPTIMIZATION_LEVEL = "-Onone";
			};
			name = Debug;
		};
		CF95EDCE27CA662C00D9183E /* Release */ = {
			isa = XCBuildConfiguration;
			buildSettings = {
				ALWAYS_SEARCH_USER_PATHS = NO;
				CLANG_ANALYZER_NONNULL = YES;
				CLANG_ANALYZER_NUMBER_OBJECT_CONVERSION = YES_AGGRESSIVE;
				CLANG_CXX_LANGUAGE_STANDARD = "gnu++17";
				CLANG_CXX_LIBRARY = "libc++";
				CLANG_ENABLE_MODULES = YES;
				CLANG_ENABLE_OBJC_ARC = YES;
				CLANG_ENABLE_OBJC_WEAK = YES;
				CLANG_WARN_BLOCK_CAPTURE_AUTORELEASING = YES;
				CLANG_WARN_BOOL_CONVERSION = YES;
				CLANG_WARN_COMMA = YES;
				CLANG_WARN_CONSTANT_CONVERSION = YES;
				CLANG_WARN_DEPRECATED_OBJC_IMPLEMENTATIONS = YES;
				CLANG_WARN_DIRECT_OBJC_ISA_USAGE = YES_ERROR;
				CLANG_WARN_DOCUMENTATION_COMMENTS = YES;
				CLANG_WARN_EMPTY_BODY = YES;
				CLANG_WARN_ENUM_CONVERSION = YES;
				CLANG_WARN_INFINITE_RECURSION = YES;
				CLANG_WARN_INT_CONVERSION = YES;
				CLANG_WARN_NON_LITERAL_NULL_CONVERSION = YES;
				CLANG_WARN_OBJC_IMPLICIT_RETAIN_SELF = YES;
				CLANG_WARN_OBJC_LITERAL_CONVERSION = YES;
				CLANG_WARN_OBJC_ROOT_CLASS = YES_ERROR;
				CLANG_WARN_QUOTED_INCLUDE_IN_FRAMEWORK_HEADER = YES;
				CLANG_WARN_RANGE_LOOP_ANALYSIS = YES;
				CLANG_WARN_STRICT_PROTOTYPES = YES;
				CLANG_WARN_SUSPICIOUS_MOVE = YES;
				CLANG_WARN_UNGUARDED_AVAILABILITY = YES_AGGRESSIVE;
				CLANG_WARN_UNREACHABLE_CODE = YES;
				CLANG_WARN__DUPLICATE_METHOD_MATCH = YES;
				COPY_PHASE_STRIP = NO;
				DEBUG_INFORMATION_FORMAT = "dwarf-with-dsym";
				ENABLE_NS_ASSERTIONS = NO;
				ENABLE_STRICT_OBJC_MSGSEND = YES;
				GCC_C_LANGUAGE_STANDARD = gnu11;
				GCC_NO_COMMON_BLOCKS = YES;
				GCC_WARN_64_TO_32_BIT_CONVERSION = YES;
				GCC_WARN_ABOUT_RETURN_TYPE = YES_ERROR;
				GCC_WARN_UNDECLARED_SELECTOR = YES;
				GCC_WARN_UNINITIALIZED_AUTOS = YES_AGGRESSIVE;
				GCC_WARN_UNUSED_FUNCTION = YES;
				GCC_WARN_UNUSED_VARIABLE = YES;
				IPHONEOS_DEPLOYMENT_TARGET = 15.2;
				MTL_ENABLE_DEBUG_INFO = NO;
				MTL_FAST_MATH = YES;
				SDKROOT = iphoneos;
				SWIFT_COMPILATION_MODE = wholemodule;
				SWIFT_OPTIMIZATION_LEVEL = "-O";
				VALIDATE_PRODUCT = YES;
			};
			name = Release;
		};
		CF95EDD027CA662C00D9183E /* Debug */ = {
			isa = XCBuildConfiguration;
			baseConfigurationReference = 19D5AEE5CFF592817DD374BD /* Pods-GitHubTexture.debug.xcconfig */;
			buildSettings = {
				ASSETCATALOG_COMPILER_APPICON_NAME = AppIcon;
				ASSETCATALOG_COMPILER_GLOBAL_ACCENT_COLOR_NAME = AccentColor;
				CODE_SIGN_STYLE = Automatic;
				CURRENT_PROJECT_VERSION = 1;
				DEVELOPMENT_TEAM = KRF6V32MMS;
				GENERATE_INFOPLIST_FILE = YES;
				INFOPLIST_FILE = GitHubTexture/Info.plist;
				INFOPLIST_KEY_UIApplicationSupportsIndirectInputEvents = YES;
				INFOPLIST_KEY_UILaunchStoryboardName = LaunchScreen;
				INFOPLIST_KEY_UISupportedInterfaceOrientations_iPad = "UIInterfaceOrientationPortrait UIInterfaceOrientationPortraitUpsideDown UIInterfaceOrientationLandscapeLeft UIInterfaceOrientationLandscapeRight";
				INFOPLIST_KEY_UISupportedInterfaceOrientations_iPhone = "UIInterfaceOrientationPortrait UIInterfaceOrientationLandscapeLeft UIInterfaceOrientationLandscapeRight";
				LD_RUNPATH_SEARCH_PATHS = (
					"$(inherited)",
					"@executable_path/Frameworks",
				);
				MARKETING_VERSION = 1.0;
				PRODUCT_BUNDLE_IDENTIFIER = dev.agustiyan.GitHubTexture;
				PRODUCT_NAME = "$(TARGET_NAME)";
				SWIFT_EMIT_LOC_STRINGS = YES;
				SWIFT_VERSION = 5.0;
				TARGETED_DEVICE_FAMILY = "1,2";
			};
			name = Debug;
		};
		CF95EDD127CA662C00D9183E /* Release */ = {
			isa = XCBuildConfiguration;
			baseConfigurationReference = 698DD103078294B45DABDA91 /* Pods-GitHubTexture.release.xcconfig */;
			buildSettings = {
				ASSETCATALOG_COMPILER_APPICON_NAME = AppIcon;
				ASSETCATALOG_COMPILER_GLOBAL_ACCENT_COLOR_NAME = AccentColor;
				CODE_SIGN_STYLE = Automatic;
				CURRENT_PROJECT_VERSION = 1;
				DEVELOPMENT_TEAM = KRF6V32MMS;
				GENERATE_INFOPLIST_FILE = YES;
				INFOPLIST_FILE = GitHubTexture/Info.plist;
				INFOPLIST_KEY_UIApplicationSupportsIndirectInputEvents = YES;
				INFOPLIST_KEY_UILaunchStoryboardName = LaunchScreen;
				INFOPLIST_KEY_UISupportedInterfaceOrientations_iPad = "UIInterfaceOrientationPortrait UIInterfaceOrientationPortraitUpsideDown UIInterfaceOrientationLandscapeLeft UIInterfaceOrientationLandscapeRight";
				INFOPLIST_KEY_UISupportedInterfaceOrientations_iPhone = "UIInterfaceOrientationPortrait UIInterfaceOrientationLandscapeLeft UIInterfaceOrientationLandscapeRight";
				LD_RUNPATH_SEARCH_PATHS = (
					"$(inherited)",
					"@executable_path/Frameworks",
				);
				MARKETING_VERSION = 1.0;
				PRODUCT_BUNDLE_IDENTIFIER = dev.agustiyan.GitHubTexture;
				PRODUCT_NAME = "$(TARGET_NAME)";
				SWIFT_EMIT_LOC_STRINGS = YES;
				SWIFT_VERSION = 5.0;
				TARGETED_DEVICE_FAMILY = "1,2";
			};
			name = Release;
		};
/* End XCBuildConfiguration section */

/* Begin XCConfigurationList section */
		CF95EDB627CA662B00D9183E /* Build configuration list for PBXProject "GitHubTexture" */ = {
			isa = XCConfigurationList;
			buildConfigurations = (
				CF95EDCD27CA662C00D9183E /* Debug */,
				CF95EDCE27CA662C00D9183E /* Release */,
			);
			defaultConfigurationIsVisible = 0;
			defaultConfigurationName = Release;
		};
		CF95EDCF27CA662C00D9183E /* Build configuration list for PBXNativeTarget "GitHubTexture" */ = {
			isa = XCConfigurationList;
			buildConfigurations = (
				CF95EDD027CA662C00D9183E /* Debug */,
				CF95EDD127CA662C00D9183E /* Release */,
			);
			defaultConfigurationIsVisible = 0;
			defaultConfigurationName = Release;
		};
/* End XCConfigurationList section */
	};
	rootObject = CF95EDB327CA662B00D9183E /* Project object */;
}
